
Microsoft Visual Studio Solution File, Format Version 12.00
# Visual Studio 15
VisualStudioVersion = 15.0.26730.16
MinimumVisualStudioVersion = 10.0.40219.1
Project("{9A19103F-16F7-4668-BE54-9A1E7A4F7556}") = "CFlix", "CFlix\CFlix.csproj", "{B9354F95-D680-49EC-B17C-CDF5B4765518}"
EndProject
Project("{9A19103F-16F7-4668-BE54-9A1E7A4F7556}") = "CFlix.ActiveDirectory.NETStandard", "CFlix.ActiveDirectory.NETStandard\CFlix.ActiveDirectory.NETStandard.csproj", "{74BCC845-CE58-4195-9AB3-EDF70A3F41E1}"
EndProject
Global
	GlobalSection(SolutionConfigurationPlatforms) = preSolution
		Debug|Any CPU = Debug|Any CPU
		Release|Any CPU = Release|Any CPU
	EndGlobalSection
	GlobalSection(ProjectConfigurationPlatforms) = postSolution
		{B9354F95-D680-49EC-B17C-CDF5B4765518}.Debug|Any CPU.ActiveCfg = Debug|Any CPU
		{B9354F95-D680-49EC-B17C-CDF5B4765518}.Debug|Any CPU.Build.0 = Debug|Any CPU
		{B9354F95-D680-49EC-B17C-CDF5B4765518}.Release|Any CPU.ActiveCfg = Release|Any CPU
		{B9354F95-D680-49EC-B17C-CDF5B4765518}.Release|Any CPU.Build.0 = Release|Any CPU
		{74BCC845-CE58-4195-9AB3-EDF70A3F41E1}.Debug|Any CPU.ActiveCfg = Debug|Any CPU
		{74BCC845-CE58-4195-9AB3-EDF70A3F41E1}.Debug|Any CPU.Build.0 = Debug|Any CPU
		{74BCC845-CE58-4195-9AB3-EDF70A3F41E1}.Debug|Any CPU.Deploy.0 = Debug|Any CPU
		{74BCC845-CE58-4195-9AB3-EDF70A3F41E1}.Release|Any CPU.ActiveCfg = Release|Any CPU
		{74BCC845-CE58-4195-9AB3-EDF70A3F41E1}.Release|Any CPU.Build.0 = Release|Any CPU
	EndGlobalSection
	GlobalSection(SolutionProperties) = preSolution
		HideSolutionNode = FALSE
	EndGlobalSection
	GlobalSection(ExtensibilityGlobals) = postSolution
		SolutionGuid = {29FCE055-B1C9-47EE-B0D1-6DF4C4ADC740}
	EndGlobalSection
EndGlobal
